// !$*UTF8*$!
{
	archiveVersion = 1;
	classes = {
	};
	objectVersion = 46;
	objects = {

/* Begin PBXBuildFile section */
		67D69C933F3647680C1D7406 /* Pods_Talkie.framework in Frameworks */ = {isa = PBXBuildFile; fileRef = 025D71EC6EFBB96143F0F0AA /* Pods_Talkie.framework */; };
		9D2240561C93D3CD0078F8B7 /* TalkiePlayerViewController.swift in Sources */ = {isa = PBXBuildFile; fileRef = 9D2240551C93D3CD0078F8B7 /* TalkiePlayerViewController.swift */; };
		9D22405B1C94EF810078F8B7 /* Main.storyboard in Resources */ = {isa = PBXBuildFile; fileRef = 9D2240591C94EF810078F8B7 /* Main.storyboard */; };
		9D4C198F1C8E610A000C32AA /* AppDelegate.swift in Sources */ = {isa = PBXBuildFile; fileRef = 9D4C198E1C8E610A000C32AA /* AppDelegate.swift */; };
		9D4C19921C8E610A000C32AA /* Talkie.xcdatamodeld in Sources */ = {isa = PBXBuildFile; fileRef = 9D4C19901C8E610A000C32AA /* Talkie.xcdatamodeld */; };
		9D4C199B1C8E610A000C32AA /* Assets.xcassets in Resources */ = {isa = PBXBuildFile; fileRef = 9D4C199A1C8E610A000C32AA /* Assets.xcassets */; };
		9D4C199E1C8E610A000C32AA /* LaunchScreen.storyboard in Resources */ = {isa = PBXBuildFile; fileRef = 9D4C199C1C8E610A000C32AA /* LaunchScreen.storyboard */; };
		9D4C19A61C8E6147000C32AA /* CoreDataStackManager.swift in Sources */ = {isa = PBXBuildFile; fileRef = 9D4C19A51C8E6147000C32AA /* CoreDataStackManager.swift */; };
		9D4C19A81C8E61AA000C32AA /* GiphyClient.swift in Sources */ = {isa = PBXBuildFile; fileRef = 9D4C19A71C8E61AA000C32AA /* GiphyClient.swift */; };
		9D6AEC631C97EC760054632F /* Talkie+CoreDataProperties.swift in Sources */ = {isa = PBXBuildFile; fileRef = 9D6AEC5F1C97EC760054632F /* Talkie+CoreDataProperties.swift */; };
		9D6AEC641C97EC760054632F /* Talkie.swift in Sources */ = {isa = PBXBuildFile; fileRef = 9D6AEC601C97EC760054632F /* Talkie.swift */; };
		9D6AEC651C97EC760054632F /* Gif+CoreDataProperties.swift in Sources */ = {isa = PBXBuildFile; fileRef = 9D6AEC611C97EC760054632F /* Gif+CoreDataProperties.swift */; };
		9D6AEC661C97EC760054632F /* Gif.swift in Sources */ = {isa = PBXBuildFile; fileRef = 9D6AEC621C97EC760054632F /* Gif.swift */; };
		9DCF434D1C990A8B003C816E /* ImageMemory.swift in Sources */ = {isa = PBXBuildFile; fileRef = 9DCF434C1C990A8B003C816E /* ImageMemory.swift */; };
		9DCF43511C991111003C816E /* GifCollectionViewController.swift in Sources */ = {isa = PBXBuildFile; fileRef = 9DCF43501C991111003C816E /* GifCollectionViewController.swift */; };
		9DCF43531C9990E4003C816E /* TalkieCell.swift in Sources */ = {isa = PBXBuildFile; fileRef = 9DCF43521C9990E4003C816E /* TalkieCell.swift */; };
		9DD8450D1CA59694006F42F1 /* TalkieTableVC.swift in Sources */ = {isa = PBXBuildFile; fileRef = 9DD8450C1CA59694006F42F1 /* TalkieTableVC.swift */; };
		9DD8450F1CA6C5EF006F42F1 /* SettingsTableVC.swift in Sources */ = {isa = PBXBuildFile; fileRef = 9DD8450E1CA6C5EF006F42F1 /* SettingsTableVC.swift */; };
		9DD845111CA6C9D5006F42F1 /* UserSettings.swift in Sources */ = {isa = PBXBuildFile; fileRef = 9DD845101CA6C9D5006F42F1 /* UserSettings.swift */; };
/* End PBXBuildFile section */

/* Begin PBXFileReference section */
		025D71EC6EFBB96143F0F0AA /* Pods_Talkie.framework */ = {isa = PBXFileReference; explicitFileType = wrapper.framework; includeInIndex = 0; path = Pods_Talkie.framework; sourceTree = BUILT_PRODUCTS_DIR; };
		1D53DA333268719BE423FEE1 /* Pods-Talkie.release.xcconfig */ = {isa = PBXFileReference; includeInIndex = 1; lastKnownFileType = text.xcconfig; name = "Pods-Talkie.release.xcconfig"; path = "Pods/Target Support Files/Pods-Talkie/Pods-Talkie.release.xcconfig"; sourceTree = "<group>"; };
		7281AD5FE67824F9C8AFF0B2 /* Pods-Talkie.debug.xcconfig */ = {isa = PBXFileReference; includeInIndex = 1; lastKnownFileType = text.xcconfig; name = "Pods-Talkie.debug.xcconfig"; path = "Pods/Target Support Files/Pods-Talkie/Pods-Talkie.debug.xcconfig"; sourceTree = "<group>"; };
		9D2240551C93D3CD0078F8B7 /* TalkiePlayerViewController.swift */ = {isa = PBXFileReference; fileEncoding = 4; lastKnownFileType = sourcecode.swift; path = TalkiePlayerViewController.swift; sourceTree = "<group>"; };
		9D22405A1C94EF810078F8B7 /* Base */ = {isa = PBXFileReference; lastKnownFileType = file.storyboard; name = Base; path = Base.lproj/Main.storyboard; sourceTree = "<group>"; };
		9D4C198B1C8E610A000C32AA /* Talkie.app */ = {isa = PBXFileReference; explicitFileType = wrapper.application; includeInIndex = 0; path = Talkie.app; sourceTree = BUILT_PRODUCTS_DIR; };
		9D4C198E1C8E610A000C32AA /* AppDelegate.swift */ = {isa = PBXFileReference; lastKnownFileType = sourcecode.swift; path = AppDelegate.swift; sourceTree = "<group>"; };
		9D4C19911C8E610A000C32AA /* Talkie.xcdatamodel */ = {isa = PBXFileReference; lastKnownFileType = wrapper.xcdatamodel; path = Talkie.xcdatamodel; sourceTree = "<group>"; };
		9D4C199A1C8E610A000C32AA /* Assets.xcassets */ = {isa = PBXFileReference; lastKnownFileType = folder.assetcatalog; path = Assets.xcassets; sourceTree = "<group>"; };
		9D4C199D1C8E610A000C32AA /* Base */ = {isa = PBXFileReference; lastKnownFileType = file.storyboard; name = Base; path = Base.lproj/LaunchScreen.storyboard; sourceTree = "<group>"; };
		9D4C199F1C8E610A000C32AA /* Info.plist */ = {isa = PBXFileReference; lastKnownFileType = text.plist.xml; path = Info.plist; sourceTree = "<group>"; };
		9D4C19A51C8E6147000C32AA /* CoreDataStackManager.swift */ = {isa = PBXFileReference; fileEncoding = 4; lastKnownFileType = sourcecode.swift; path = CoreDataStackManager.swift; sourceTree = "<group>"; };
		9D4C19A71C8E61AA000C32AA /* GiphyClient.swift */ = {isa = PBXFileReference; fileEncoding = 4; lastKnownFileType = sourcecode.swift; path = GiphyClient.swift; sourceTree = "<group>"; };
		9D6AEC5F1C97EC760054632F /* Talkie+CoreDataProperties.swift */ = {isa = PBXFileReference; fileEncoding = 4; lastKnownFileType = sourcecode.swift; path = "Talkie+CoreDataProperties.swift"; sourceTree = "<group>"; };
		9D6AEC601C97EC760054632F /* Talkie.swift */ = {isa = PBXFileReference; fileEncoding = 4; lastKnownFileType = sourcecode.swift; path = Talkie.swift; sourceTree = "<group>"; };
		9D6AEC611C97EC760054632F /* Gif+CoreDataProperties.swift */ = {isa = PBXFileReference; fileEncoding = 4; lastKnownFileType = sourcecode.swift; path = "Gif+CoreDataProperties.swift"; sourceTree = "<group>"; };
		9D6AEC621C97EC760054632F /* Gif.swift */ = {isa = PBXFileReference; fileEncoding = 4; lastKnownFileType = sourcecode.swift; path = Gif.swift; sourceTree = "<group>"; };
		9DCF434C1C990A8B003C816E /* ImageMemory.swift */ = {isa = PBXFileReference; fileEncoding = 4; lastKnownFileType = sourcecode.swift; path = ImageMemory.swift; sourceTree = "<group>"; };
		9DCF43501C991111003C816E /* GifCollectionViewController.swift */ = {isa = PBXFileReference; fileEncoding = 4; lastKnownFileType = sourcecode.swift; path = GifCollectionViewController.swift; sourceTree = "<group>"; };
		9DCF43521C9990E4003C816E /* TalkieCell.swift */ = {isa = PBXFileReference; fileEncoding = 4; lastKnownFileType = sourcecode.swift; path = TalkieCell.swift; sourceTree = "<group>"; };
		9DD8450C1CA59694006F42F1 /* TalkieTableVC.swift */ = {isa = PBXFileReference; fileEncoding = 4; lastKnownFileType = sourcecode.swift; path = TalkieTableVC.swift; sourceTree = SOURCE_ROOT; };
		9DD8450E1CA6C5EF006F42F1 /* SettingsTableVC.swift */ = {isa = PBXFileReference; fileEncoding = 4; lastKnownFileType = sourcecode.swift; path = SettingsTableVC.swift; sourceTree = "<group>"; };
		9DD845101CA6C9D5006F42F1 /* UserSettings.swift */ = {isa = PBXFileReference; fileEncoding = 4; lastKnownFileType = sourcecode.swift; path = UserSettings.swift; sourceTree = "<group>"; };
/* End PBXFileReference section */

/* Begin PBXFrameworksBuildPhase section */
		9D4C19881C8E610A000C32AA /* Frameworks */ = {
			isa = PBXFrameworksBuildPhase;
			buildActionMask = 2147483647;
			files = (
				67D69C933F3647680C1D7406 /* Pods_Talkie.framework in Frameworks */,
			);
			runOnlyForDeploymentPostprocessing = 0;
		};
/* End PBXFrameworksBuildPhase section */

/* Begin PBXGroup section */
		1A962B65AEF02A971E1DAEA4 /* Frameworks */ = {
			isa = PBXGroup;
			children = (
				025D71EC6EFBB96143F0F0AA /* Pods_Talkie.framework */,
			);
			name = Frameworks;
			sourceTree = "<group>";
		};
		9D4C19821C8E610A000C32AA = {
			isa = PBXGroup;
			children = (
				9D4C198D1C8E610A000C32AA /* Talkie */,
				9D4C198C1C8E610A000C32AA /* Products */,
				E7ABBFC63D9A7B2BA80470AF /* Pods */,
				1A962B65AEF02A971E1DAEA4 /* Frameworks */,
			);
			sourceTree = "<group>";
		};
		9D4C198C1C8E610A000C32AA /* Products */ = {
			isa = PBXGroup;
			children = (
				9D4C198B1C8E610A000C32AA /* Talkie.app */,
			);
			name = Products;
			sourceTree = "<group>";
		};
		9D4C198D1C8E610A000C32AA /* Talkie */ = {
			isa = PBXGroup;
			children = (
				9D4C199F1C8E610A000C32AA /* Info.plist */,
				9D4C198E1C8E610A000C32AA /* AppDelegate.swift */,
				9D4C19A51C8E6147000C32AA /* CoreDataStackManager.swift */,
				9D6AEC5E1C97EC640054632F /* Model */,
				9DCF434F1C990AD1003C816E /* Views */,
				9DCF434E1C990A95003C816E /* Controllers */,
			);
			path = Talkie;
			sourceTree = "<group>";
		};
		9D6AEC5E1C97EC640054632F /* Model */ = {
			isa = PBXGroup;
			children = (
				9D4C19901C8E610A000C32AA /* Talkie.xcdatamodeld */,
				9D6AEC5F1C97EC760054632F /* Talkie+CoreDataProperties.swift */,
				9D6AEC601C97EC760054632F /* Talkie.swift */,
				9DD845101CA6C9D5006F42F1 /* UserSettings.swift */,
				9D6AEC611C97EC760054632F /* Gif+CoreDataProperties.swift */,
				9D6AEC621C97EC760054632F /* Gif.swift */,
				9D4C19A71C8E61AA000C32AA /* GiphyClient.swift */,
				9DCF434C1C990A8B003C816E /* ImageMemory.swift */,
			);
			name = Model;
			sourceTree = "<group>";
		};
		9DCF434E1C990A95003C816E /* Controllers */ = {
			isa = PBXGroup;
			children = (
				9DCF43501C991111003C816E /* GifCollectionViewController.swift */,
				9D2240551C93D3CD0078F8B7 /* TalkiePlayerViewController.swift */,
				9DD8450C1CA59694006F42F1 /* TalkieTableVC.swift */,
				9DD8450E1CA6C5EF006F42F1 /* SettingsTableVC.swift */,
			);
			name = Controllers;
			sourceTree = "<group>";
		};
		9DCF434F1C990AD1003C816E /* Views */ = {
			isa = PBXGroup;
			children = (
				9D2240591C94EF810078F8B7 /* Main.storyboard */,
				9D4C199C1C8E610A000C32AA /* LaunchScreen.storyboard */,
				9DCF43521C9990E4003C816E /* TalkieCell.swift */,
				9D4C199A1C8E610A000C32AA /* Assets.xcassets */,
			);
			name = Views;
			sourceTree = "<group>";
		};
		E7ABBFC63D9A7B2BA80470AF /* Pods */ = {
			isa = PBXGroup;
			children = (
				7281AD5FE67824F9C8AFF0B2 /* Pods-Talkie.debug.xcconfig */,
				1D53DA333268719BE423FEE1 /* Pods-Talkie.release.xcconfig */,
			);
			name = Pods;
			sourceTree = "<group>";
		};
/* End PBXGroup section */

/* Begin PBXNativeTarget section */
		9D4C198A1C8E610A000C32AA /* Talkie */ = {
			isa = PBXNativeTarget;
			buildConfigurationList = 9D4C19A21C8E610A000C32AA /* Build configuration list for PBXNativeTarget "Talkie" */;
			buildPhases = (
				7E79D013BA517B130619FEC9 /* Check Pods Manifest.lock */,
				9D4C19871C8E610A000C32AA /* Sources */,
				9D4C19881C8E610A000C32AA /* Frameworks */,
				9D4C19891C8E610A000C32AA /* Resources */,
				CEF998E1948FC6BED5FCA2B9 /* Embed Pods Frameworks */,
				4643B75854A2B16EF2C31044 /* Copy Pods Resources */,
			);
			buildRules = (
			);
			dependencies = (
			);
			name = Talkie;
			productName = Talkie;
			productReference = 9D4C198B1C8E610A000C32AA /* Talkie.app */;
			productType = "com.apple.product-type.application";
		};
/* End PBXNativeTarget section */

/* Begin PBXProject section */
		9D4C19831C8E610A000C32AA /* Project object */ = {
			isa = PBXProject;
			attributes = {
				LastSwiftUpdateCheck = 0720;
				LastUpgradeCheck = 0720;
				ORGANIZATIONNAME = Laylapp;
				TargetAttributes = {
					9D4C198A1C8E610A000C32AA = {
						CreatedOnToolsVersion = 7.2;
					};
				};
			};
			buildConfigurationList = 9D4C19861C8E610A000C32AA /* Build configuration list for PBXProject "Talkie" */;
			compatibilityVersion = "Xcode 3.2";
			developmentRegion = English;
			hasScannedForEncodings = 0;
			knownRegions = (
				en,
				Base,
			);
			mainGroup = 9D4C19821C8E610A000C32AA;
			productRefGroup = 9D4C198C1C8E610A000C32AA /* Products */;
			projectDirPath = "";
			projectRoot = "";
			targets = (
				9D4C198A1C8E610A000C32AA /* Talkie */,
			);
		};
/* End PBXProject section */

/* Begin PBXResourcesBuildPhase section */
		9D4C19891C8E610A000C32AA /* Resources */ = {
			isa = PBXResourcesBuildPhase;
			buildActionMask = 2147483647;
			files = (
				9D4C199E1C8E610A000C32AA /* LaunchScreen.storyboard in Resources */,
				9D4C199B1C8E610A000C32AA /* Assets.xcassets in Resources */,
				9D22405B1C94EF810078F8B7 /* Main.storyboard in Resources */,
			);
			runOnlyForDeploymentPostprocessing = 0;
		};
/* End PBXResourcesBuildPhase section */

/* Begin PBXShellScriptBuildPhase section */
		4643B75854A2B16EF2C31044 /* Copy Pods Resources */ = {
			isa = PBXShellScriptBuildPhase;
			buildActionMask = 2147483647;
			files = (
			);
			inputPaths = (
			);
			name = "Copy Pods Resources";
			outputPaths = (
			);
			runOnlyForDeploymentPostprocessing = 0;
			shellPath = /bin/sh;
			shellScript = "\"${SRCROOT}/Pods/Target Support Files/Pods-Talkie/Pods-Talkie-resources.sh\"\n";
			showEnvVarsInLog = 0;
		};
		7E79D013BA517B130619FEC9 /* Check Pods Manifest.lock */ = {
			isa = PBXShellScriptBuildPhase;
			buildActionMask = 2147483647;
			files = (
			);
			inputPaths = (
			);
			name = "Check Pods Manifest.lock";
			outputPaths = (
			);
			runOnlyForDeploymentPostprocessing = 0;
			shellPath = /bin/sh;
			shellScript = "diff \"${PODS_ROOT}/../Podfile.lock\" \"${PODS_ROOT}/Manifest.lock\" > /dev/null\nif [[ $? != 0 ]] ; then\n    cat << EOM\nerror: The sandbox is not in sync with the Podfile.lock. Run 'pod install' or update your CocoaPods installation.\nEOM\n    exit 1\nfi\n";
			showEnvVarsInLog = 0;
		};
		CEF998E1948FC6BED5FCA2B9 /* Embed Pods Frameworks */ = {
			isa = PBXShellScriptBuildPhase;
			buildActionMask = 2147483647;
			files = (
			);
			inputPaths = (
			);
			name = "Embed Pods Frameworks";
			outputPaths = (
			);
			runOnlyForDeploymentPostprocessing = 0;
			shellPath = /bin/sh;
			shellScript = "\"${SRCROOT}/Pods/Target Support Files/Pods-Talkie/Pods-Talkie-frameworks.sh\"\n";
			showEnvVarsInLog = 0;
		};
/* End PBXShellScriptBuildPhase section */

/* Begin PBXSourcesBuildPhase section */
		9D4C19871C8E610A000C32AA /* Sources */ = {
			isa = PBXSourcesBuildPhase;
			buildActionMask = 2147483647;
			files = (
				9DCF434D1C990A8B003C816E /* ImageMemory.swift in Sources */,
				9D4C198F1C8E610A000C32AA /* AppDelegate.swift in Sources */,
				9D4C19921C8E610A000C32AA /* Talkie.xcdatamodeld in Sources */,
				9D6AEC661C97EC760054632F /* Gif.swift in Sources */,
				9DD8450F1CA6C5EF006F42F1 /* SettingsTableVC.swift in Sources */,
				9DCF43531C9990E4003C816E /* TalkieCell.swift in Sources */,
				9D2240561C93D3CD0078F8B7 /* TalkiePlayerViewController.swift in Sources */,
				9D6AEC631C97EC760054632F /* Talkie+CoreDataProperties.swift in Sources */,
				9DD8450D1CA59694006F42F1 /* TalkieTableVC.swift in Sources */,
				9D4C19A61C8E6147000C32AA /* CoreDataStackManager.swift in Sources */,
				9D6AEC651C97EC760054632F /* Gif+CoreDataProperties.swift in Sources */,
				9D4C19A81C8E61AA000C32AA /* GiphyClient.swift in Sources */,
				9DCF43511C991111003C816E /* GifCollectionViewController.swift in Sources */,
				9DD845111CA6C9D5006F42F1 /* UserSettings.swift in Sources */,
				9D6AEC641C97EC760054632F /* Talkie.swift in Sources */,
			);
			runOnlyForDeploymentPostprocessing = 0;
		};
/* End PBXSourcesBuildPhase section */

/* Begin PBXVariantGroup section */
		9D2240591C94EF810078F8B7 /* Main.storyboard */ = {
			isa = PBXVariantGroup;
			children = (
				9D22405A1C94EF810078F8B7 /* Base */,
			);
			name = Main.storyboard;
			sourceTree = "<group>";
		};
		9D4C199C1C8E610A000C32AA /* LaunchScreen.storyboard */ = {
			isa = PBXVariantGroup;
			children = (
				9D4C199D1C8E610A000C32AA /* Base */,
			);
			name = LaunchScreen.storyboard;
			sourceTree = "<group>";
		};
/* End PBXVariantGroup section */

/* Begin XCBuildConfiguration section */
		9D4C19A01C8E610A000C32AA /* Debug */ = {
			isa = XCBuildConfiguration;
			buildSettings = {
				ALWAYS_SEARCH_USER_PATHS = NO;
				CLANG_CXX_LANGUAGE_STANDARD = "gnu++0x";
				CLANG_CXX_LIBRARY = "libc++";
				CLANG_ENABLE_MODULES = YES;
				CLANG_ENABLE_OBJC_ARC = YES;
				CLANG_WARN_BOOL_CONVERSION = YES;
				CLANG_WARN_CONSTANT_CONVERSION = YES;
				CLANG_WARN_DIRECT_OBJC_ISA_USAGE = YES_ERROR;
				CLANG_WARN_EMPTY_BODY = YES;
				CLANG_WARN_ENUM_CONVERSION = YES;
				CLANG_WARN_INT_CONVERSION = YES;
				CLANG_WARN_OBJC_ROOT_CLASS = YES_ERROR;
				CLANG_WARN_UNREACHABLE_CODE = YES;
				CLANG_WARN__DUPLICATE_METHOD_MATCH = YES;
				"CODE_SIGN_IDENTITY[sdk=iphoneos*]" = "iPhone Developer";
				COPY_PHASE_STRIP = NO;
				DEBUG_INFORMATION_FORMAT = dwarf;
				ENABLE_STRICT_OBJC_MSGSEND = YES;
				ENABLE_TESTABILITY = YES;
				GCC_C_LANGUAGE_STANDARD = gnu99;
				GCC_DYNAMIC_NO_PIC = NO;
				GCC_NO_COMMON_BLOCKS = YES;
				GCC_OPTIMIZATION_LEVEL = 0;
				GCC_PREPROCESSOR_DEFINITIONS = (
					"DEBUG=1",
					"$(inherited)",
				);
				GCC_WARN_64_TO_32_BIT_CONVERSION = YES;
				GCC_WARN_ABOUT_RETURN_TYPE = YES_ERROR;
				GCC_WARN_UNDECLARED_SELECTOR = YES;
				GCC_WARN_UNINITIALIZED_AUTOS = YES_AGGRESSIVE;
				GCC_WARN_UNUSED_FUNCTION = YES;
				GCC_WARN_UNUSED_VARIABLE = YES;
				IPHONEOS_DEPLOYMENT_TARGET = 9.2;
				MTL_ENABLE_DEBUG_INFO = YES;
				ONLY_ACTIVE_ARCH = YES;
				SDKROOT = iphoneos;
				SWIFT_OPTIMIZATION_LEVEL = "-Onone";
			};
			name = Debug;
		};
		9D4C19A11C8E610A000C32AA /* Release */ = {
			isa = XCBuildConfiguration;
			buildSettings = {
				ALWAYS_SEARCH_USER_PATHS = NO;
				CLANG_CXX_LANGUAGE_STANDARD = "gnu++0x";
				CLANG_CXX_LIBRARY = "libc++";
				CLANG_ENABLE_MODULES = YES;
				CLANG_ENABLE_OBJC_ARC = YES;
				CLANG_WARN_BOOL_CONVERSION = YES;
				CLANG_WARN_CONSTANT_CONVERSION = YES;
				CLANG_WARN_DIRECT_OBJC_ISA_USAGE = YES_ERROR;
				CLANG_WARN_EMPTY_BODY = YES;
				CLANG_WARN_ENUM_CONVERSION = YES;
				CLANG_WARN_INT_CONVERSION = YES;
				CLANG_WARN_OBJC_ROOT_CLASS = YES_ERROR;
				CLANG_WARN_UNREACHABLE_CODE = YES;
				CLANG_WARN__DUPLICATE_METHOD_MATCH = YES;
				"CODE_SIGN_IDENTITY[sdk=iphoneos*]" = "iPhone Developer";
				COPY_PHASE_STRIP = NO;
				DEBUG_INFORMATION_FORMAT = "dwarf-with-dsym";
				ENABLE_NS_ASSERTIONS = NO;
				ENABLE_STRICT_OBJC_MSGSEND = YES;
				GCC_C_LANGUAGE_STANDARD = gnu99;
				GCC_NO_COMMON_BLOCKS = YES;
				GCC_WARN_64_TO_32_BIT_CONVERSION = YES;
				GCC_WARN_ABOUT_RETURN_TYPE = YES_ERROR;
				GCC_WARN_UNDECLARED_SELECTOR = YES;
				GCC_WARN_UNINITIALIZED_AUTOS = YES_AGGRESSIVE;
				GCC_WARN_UNUSED_FUNCTION = YES;
				GCC_WARN_UNUSED_VARIABLE = YES;
				IPHONEOS_DEPLOYMENT_TARGET = 9.2;
				MTL_ENABLE_DEBUG_INFO = NO;
				SDKROOT = iphoneos;
				VALIDATE_PRODUCT = YES;
			};
			name = Release;
		};
		9D4C19A31C8E610A000C32AA /* Debug */ = {
			isa = XCBuildConfiguration;
			baseConfigurationReference = 7281AD5FE67824F9C8AFF0B2 /* Pods-Talkie.debug.xcconfig */;
			buildSettings = {
				ASSETCATALOG_COMPILER_APPICON_NAME = AppIcon;
				INFOPLIST_FILE = Talkie/Info.plist;
				LD_RUNPATH_SEARCH_PATHS = "$(inherited) @executable_path/Frameworks";
				PRODUCT_BUNDLE_IDENTIFIER = com.WASIM.Talkie;
				PRODUCT_NAME = "$(TARGET_NAME)";
			};
			name = Debug;
		};
		9D4C19A41C8E610A000C32AA /* Release */ = {
			isa = XCBuildConfiguration;
			baseConfigurationReference = 1D53DA333268719BE423FEE1 /* Pods-Talkie.release.xcconfig */;
			buildSettings = {
				ASSETCATALOG_COMPILER_APPICON_NAME = AppIcon;
				INFOPLIST_FILE = Talkie/Info.plist;
				LD_RUNPATH_SEARCH_PATHS = "$(inherited) @executable_path/Frameworks";
				PRODUCT_BUNDLE_IDENTIFIER = com.WASIM.Talkie;
				PRODUCT_NAME = "$(TARGET_NAME)";
			};
			name = Release;
		};
/* End XCBuildConfiguration section */

/* Begin XCConfigurationList section */
		9D4C19861C8E610A000C32AA /* Build configuration list for PBXProject "Talkie" */ = {
			isa = XCConfigurationList;
			buildConfigurations = (
				9D4C19A01C8E610A000C32AA /* Debug */,
				9D4C19A11C8E610A000C32AA /* Release */,
			);
			defaultConfigurationIsVisible = 0;
			defaultConfigurationName = Release;
		};
		9D4C19A21C8E610A000C32AA /* Build configuration list for PBXNativeTarget "Talkie" */ = {
			isa = XCConfigurationList;
			buildConfigurations = (
				9D4C19A31C8E610A000C32AA /* Debug */,
				9D4C19A41C8E610A000C32AA /* Release */,
			);
			defaultConfigurationIsVisible = 0;
			defaultConfigurationName = Release;
		};
/* End XCConfigurationList section */

/* Begin XCVersionGroup section */
		9D4C19901C8E610A000C32AA /* Talkie.xcdatamodeld */ = {
			isa = XCVersionGroup;
			children = (
				9D4C19911C8E610A000C32AA /* Talkie.xcdatamodel */,
			);
			currentVersion = 9D4C19911C8E610A000C32AA /* Talkie.xcdatamodel */;
			path = Talkie.xcdatamodeld;
			sourceTree = "<group>";
			versionGroupType = wrapper.xcdatamodel;
		};
/* End XCVersionGroup section */
	};
	rootObject = 9D4C19831C8E610A000C32AA /* Project object */;
}
